{
  "name": "src",
  "lockfileVersion": 2,
  "requires": true,
  "packages": {
    "": {
      "dependencies": {
        "@braid/vue-formulate": "^2.5.2",
        "@johmun/vue-tags-input": "^2.1.0",
        "axios": "^0.21.1",
        "jsurl": "^0.1.5"
      }
    },
    "node_modules/@braid/vue-formulate": {
      "version": "2.5.2",
      "resolved": "https://registry.npmjs.org/@braid/vue-formulate/-/vue-formulate-2.5.2.tgz",
      "integrity": "sha512-0LWKp3Rjq2a+WwA4y49VaXqQOVClJGy6mmdivxJJyRvNB0aUcTOKOINLumeU/XHf7/c0HNhtbZih2vs6hMDyvQ==",
      "dependencies": {
        "@braid/vue-formulate-i18n": "^1.16.0",
        "is-plain-object": "^3.0.1",
        "is-url": "^1.2.4",
        "nanoid": "^2.1.11"
      }
    },
    "node_modules/@braid/vue-formulate-i18n": {
      "version": "1.16.0",
      "resolved": "https://registry.npmjs.org/@braid/vue-formulate-i18n/-/vue-formulate-i18n-1.16.0.tgz",
      "integrity": "sha512-CuX1kN7bWg4ukynnTS3LGsmPKrUvS2Wh75zKatIe+nHQQy0gSvfmggQsCz4QZey7Ois+pGYmOIgrE1SvX+zQTw=="
    },
    "node_modules/@johmun/vue-tags-input": {
      "version": "2.1.0",
      "resolved": "https://registry.npmjs.org/@johmun/vue-tags-input/-/vue-tags-input-2.1.0.tgz",
      "integrity": "sha512-Fdwfss/TqCqMJbGAkmlzKbcG/ia1MstYjhqPBj+zG7h/166tIcE1TIftUxhT9LZ+RWjRSG0EFA1UyaHQSr3k3Q==",
      "dependencies": {
        "vue": "^2.6.10"
      },
      "peerDependencies": {
        "vue": "2.x"
      }
    },
    "node_modules/axios": {
      "version": "0.21.1",
      "resolved": "https://registry.npmjs.org/axios/-/axios-0.21.1.tgz",
      "integrity": "sha512-dKQiRHxGD9PPRIUNIWvZhPTPpl1rf/OxTYKsqKUDjBwYylTvV7SjSHJb9ratfyzM6wCdLCOYLzs73qpg5c4iGA==",
      "dependencies": {
        "follow-redirects": "^1.10.0"
      }
    },
    "node_modules/follow-redirects": {
      "version": "1.14.1",
      "resolved": "https://registry.npmjs.org/follow-redirects/-/follow-redirects-1.14.1.tgz",
      "integrity": "sha512-HWqDgT7ZEkqRzBvc2s64vSZ/hfOceEol3ac/7tKwzuvEyWx3/4UegXh5oBOIotkGsObyk3xznnSRVADBgWSQVg==",
      "funding": [
        {
          "type": "individual",
          "url": "https://github.com/sponsors/RubenVerborgh"
        }
      ],
      "engines": {
        "node": ">=4.0"
      },
      "peerDependenciesMeta": {
        "debug": {
          "optional": true
        }
      }
    },
    "node_modules/is-plain-object": {
      "version": "3.0.1",
      "resolved": "https://registry.npmjs.org/is-plain-object/-/is-plain-object-3.0.1.tgz",
      "integrity": "sha512-Xnpx182SBMrr/aBik8y+GuR4U1L9FqMSojwDQwPMmxyC6bvEqly9UBCxhauBF5vNh2gwWJNX6oDV7O+OM4z34g==",
      "engines": {
        "node": ">=0.10.0"
      }
    },
    "node_modules/is-url": {
      "version": "1.2.4",
      "resolved": "https://registry.npmjs.org/is-url/-/is-url-1.2.4.tgz",
      "integrity": "sha512-ITvGim8FhRiYe4IQ5uHSkj7pVaPDrCTkNd3yq3cV7iZAcJdHTUMPMEHcqSOy9xZ9qFenQCvi+2wjH9a1nXqHww=="
    },
    "node_modules/jsurl": {
      "version": "0.1.5",
      "resolved": "https://registry.npmjs.org/jsurl/-/jsurl-0.1.5.tgz",
      "integrity": "sha1-KlyHQd45ysr8EvRIkIvzTpYNzug="
    },
    "node_modules/nanoid": {
      "version": "2.1.11",
      "resolved": "https://registry.npmjs.org/nanoid/-/nanoid-2.1.11.tgz",
      "integrity": "sha512-s/snB+WGm6uwi0WjsZdaVcuf3KJXlfGl2LcxgwkEwJF0D/BWzVWAZW/XY4bFaiR7s0Jk3FPvlnepg1H1b1UwlA=="
    },
    "node_modules/vue": {
      "version": "2.6.14",
      "resolved": "https://registry.npmjs.org/vue/-/vue-2.6.14.tgz",
      "integrity": "sha512-x2284lgYvjOMj3Za7kqzRcUSxBboHqtgRE2zlos1qWaOye5yUmHn42LB1250NJBLRwEcdrB0JRwyPTEPhfQjiQ=="
    }
  },
  "dependencies": {
    "@braid/vue-formulate": {
      "version": "2.5.2",
      "resolved": "https://registry.npmjs.org/@braid/vue-formulate/-/vue-formulate-2.5.2.tgz",
      "integrity": "sha512-0LWKp3Rjq2a+WwA4y49VaXqQOVClJGy6mmdivxJJyRvNB0aUcTOKOINLumeU/XHf7/c0HNhtbZih2vs6hMDyvQ==",
      "requires": {
        "@braid/vue-formulate-i18n": "^1.16.0",
        "is-plain-object": "^3.0.1",
        "is-url": "^1.2.4",
        "nanoid": "^2.1.11"
      }
    },
    "@braid/vue-formulate-i18n": {
      "version": "1.16.0",
      "resolved": "https://registry.npmjs.org/@braid/vue-formulate-i18n/-/vue-formulate-i18n-1.16.0.tgz",
      "integrity": "sha512-CuX1kN7bWg4ukynnTS3LGsmPKrUvS2Wh75zKatIe+nHQQy0gSvfmggQsCz4QZey7Ois+pGYmOIgrE1SvX+zQTw=="
    },
    "@johmun/vue-tags-input": {
      "version": "2.1.0",
      "resolved": "https://registry.npmjs.org/@johmun/vue-tags-input/-/vue-tags-input-2.1.0.tgz",
      "integrity": "sha512-Fdwfss/TqCqMJbGAkmlzKbcG/ia1MstYjhqPBj+zG7h/166tIcE1TIftUxhT9LZ+RWjRSG0EFA1UyaHQSr3k3Q==",
      "requires": {
        "vue": "^2.6.10"
      }
    },
    "axios": {
      "version": "0.21.1",
      "resolved": "https://registry.npmjs.org/axios/-/axios-0.21.1.tgz",
      "integrity": "sha512-dKQiRHxGD9PPRIUNIWvZhPTPpl1rf/OxTYKsqKUDjBwYylTvV7SjSHJb9ratfyzM6wCdLCOYLzs73qpg5c4iGA==",
      "requires": {
        "follow-redirects": "^1.10.0"
      }
    },
    "follow-redirects": {
      "version": "1.14.1",
      "resolved": "https://registry.npmjs.org/follow-redirects/-/follow-redirects-1.14.1.tgz",
      "integrity": "sha512-HWqDgT7ZEkqRzBvc2s64vSZ/hfOceEol3ac/7tKwzuvEyWx3/4UegXh5oBOIotkGsObyk3xznnSRVADBgWSQVg=="
    },
    "is-plain-object": {
      "version": "3.0.1",
      "resolved": "https://registry.npmjs.org/is-plain-object/-/is-plain-object-3.0.1.tgz",
      "integrity": "sha512-Xnpx182SBMrr/aBik8y+GuR4U1L9FqMSojwDQwPMmxyC6bvEqly9UBCxhauBF5vNh2gwWJNX6oDV7O+OM4z34g=="
    },
    "is-url": {
      "version": "1.2.4",
      "resolved": "https://registry.npmjs.org/is-url/-/is-url-1.2.4.tgz",
      "integrity": "sha512-ITvGim8FhRiYe4IQ5uHSkj7pVaPDrCTkNd3yq3cV7iZAcJdHTUMPMEHcqSOy9xZ9qFenQCvi+2wjH9a1nXqHww=="
    },
    "jsurl": {
      "version": "0.1.5",
      "resolved": "https://registry.npmjs.org/jsurl/-/jsurl-0.1.5.tgz",
      "integrity": "sha1-KlyHQd45ysr8EvRIkIvzTpYNzug="
    },
    "nanoid": {
      "version": "2.1.11",
      "resolved": "https://registry.npmjs.org/nanoid/-/nanoid-2.1.11.tgz",
      "integrity": "sha512-s/snB+WGm6uwi0WjsZdaVcuf3KJXlfGl2LcxgwkEwJF0D/BWzVWAZW/XY4bFaiR7s0Jk3FPvlnepg1H1b1UwlA=="
    },
    "vue": {
      "version": "2.6.14",
      "resolved": "https://registry.npmjs.org/vue/-/vue-2.6.14.tgz",
      "integrity": "sha512-x2284lgYvjOMj3Za7kqzRcUSxBboHqtgRE2zlos1qWaOye5yUmHn42LB1250NJBLRwEcdrB0JRwyPTEPhfQjiQ=="
    }
  }
}
